
Microsoft Visual Studio Solution File, Format Version 12.00
# Visual Studio Version 16
VisualStudioVersion = 16.0.31702.278
MinimumVisualStudioVersion = 10.0.40219.1
Project("{FAE04EC0-301F-11D3-BF4B-00C04F79EFBC}") = "WordsUnscrambler", "WordsUnscrambler\WordsUnscrambler.csproj", "{B4ACBBA9-24BB-4AA2-AD15-6D36BA2FB67F}"
EndProject
Project("{FAE04EC0-301F-11D3-BF4B-00C04F79EFBC}") = "WordsUnscrambler.TestUnit", "WordsUnscrambler.TestUnit\WordsUnscrambler.TestUnit.csproj", "{73FE5120-9A94-43CA-A72C-C29583ED159D}"
EndProject
Global
	GlobalSection(SolutionConfigurationPlatforms) = preSolution
		Debug|Any CPU = Debug|Any CPU
		Release|Any CPU = Release|Any CPU
	EndGlobalSection
	GlobalSection(ProjectConfigurationPlatforms) = postSolution
		{B4ACBBA9-24BB-4AA2-AD15-6D36BA2FB67F}.Debug|Any CPU.ActiveCfg = Debug|Any CPU
		{B4ACBBA9-24BB-4AA2-AD15-6D36BA2FB67F}.Debug|Any CPU.Build.0 = Debug|Any CPU
		{B4ACBBA9-24BB-4AA2-AD15-6D36BA2FB67F}.Release|Any CPU.ActiveCfg = Release|Any CPU
		{B4ACBBA9-24BB-4AA2-AD15-6D36BA2FB67F}.Release|Any CPU.Build.0 = Release|Any CPU
		{73FE5120-9A94-43CA-A72C-C29583ED159D}.Debug|Any CPU.ActiveCfg = Debug|Any CPU
		{73FE5120-9A94-43CA-A72C-C29583ED159D}.Debug|Any CPU.Build.0 = Debug|Any CPU
		{73FE5120-9A94-43CA-A72C-C29583ED159D}.Release|Any CPU.ActiveCfg = Release|Any CPU
		{73FE5120-9A94-43CA-A72C-C29583ED159D}.Release|Any CPU.Build.0 = Release|Any CPU
	EndGlobalSection
	GlobalSection(SolutionProperties) = preSolution
		HideSolutionNode = FALSE
	EndGlobalSection
	GlobalSection(ExtensibilityGlobals) = postSolution
		SolutionGuid = {D18D1408-C3EA-48B1-BF58-E1901CA8922A}
	EndGlobalSection
EndGlobal
